// !$*UTF8*$!
{
	archiveVersion = 1;
	classes = {
	};
	objectVersion = 50;
	objects = {

/* Begin PBXBuildFile section */
		4443013A20E5F26B00BD9445 /* AppDelegate.m in Sources */ = {isa = PBXBuildFile; fileRef = 4443013920E5F26B00BD9445 /* AppDelegate.m */; };
		4443013D20E5F26B00BD9445 /* ViewController.m in Sources */ = {isa = PBXBuildFile; fileRef = 4443013C20E5F26B00BD9445 /* ViewController.m */; };
		4443014220E5F26D00BD9445 /* Assets.xcassets in Resources */ = {isa = PBXBuildFile; fileRef = 4443014120E5F26D00BD9445 /* Assets.xcassets */; };
		4443014820E5F26D00BD9445 /* main.m in Sources */ = {isa = PBXBuildFile; fileRef = 4443014720E5F26D00BD9445 /* main.m */; };
		444301CF20E629EE00BD9445 /* CodeTeleportUtils.m in Sources */ = {isa = PBXBuildFile; fileRef = 444301C620E629EE00BD9445 /* CodeTeleportUtils.m */; };
		444301D020E629EE00BD9445 /* CodeTeleportUtils.h in Headers */ = {isa = PBXBuildFile; fileRef = 444301C720E629EE00BD9445 /* CodeTeleportUtils.h */; };
		444301D620E62A0F00BD9445 /* CodeTeleportClient.h in Headers */ = {isa = PBXBuildFile; fileRef = 444301D420E62A0F00BD9445 /* CodeTeleportClient.h */; };
		444301D720E62A0F00BD9445 /* CodeTeleportClient.m in Sources */ = {isa = PBXBuildFile; fileRef = 444301D520E62A0F00BD9445 /* CodeTeleportClient.m */; };
		448EF74E20E8DD9C004549C1 /* CodeTeleportProcessor.m in Sources */ = {isa = PBXBuildFile; fileRef = 448EF74C20E8DD9C004549C1 /* CodeTeleportProcessor.m */; };
		448EF74F20E8DD9C004549C1 /* CodeTeleportProcessor.h in Headers */ = {isa = PBXBuildFile; fileRef = 448EF74D20E8DD9C004549C1 /* CodeTeleportProcessor.h */; };
		448EF75C20EBA037004549C1 /* CodeTeleportLoader.h in Headers */ = {isa = PBXBuildFile; fileRef = 448EF75A20EBA037004549C1 /* CodeTeleportLoader.h */; };
		448EF75D20EBA037004549C1 /* CodeTeleportLoader.m in Sources */ = {isa = PBXBuildFile; fileRef = 448EF75B20EBA037004549C1 /* CodeTeleportLoader.m */; };
		448EF76E20EF0253004549C1 /* CTClient.framework in Resources */ = {isa = PBXBuildFile; fileRef = 444301B220E6299F00BD9445 /* CTClient.framework */; };
		448EF7E520F5FE9E004549C1 /* Default-568h@2x.png in Resources */ = {isa = PBXBuildFile; fileRef = 448EF7E420F5FE9E004549C1 /* Default-568h@2x.png */; };
		44CE9BD52483B3140058BF23 /* Documentation.html in Resources */ = {isa = PBXBuildFile; fileRef = 44CE9BC92483B3140058BF23 /* Documentation.html */; };
		44CE9BD62483B3140058BF23 /* GCDAsyncSocket.m in Sources */ = {isa = PBXBuildFile; fileRef = 44CE9BCA2483B3140058BF23 /* GCDAsyncSocket.m */; settings = {COMPILER_FLAGS = "-fno-objc-arc"; }; };
		44CE9BD72483B3140058BF23 /* GCDAsyncSocket.h in Headers */ = {isa = PBXBuildFile; fileRef = 44CE9BCB2483B3140058BF23 /* GCDAsyncSocket.h */; };
		44CE9BFF2483F11F0058BF23 /* PTUSBHub.m in Sources */ = {isa = PBXBuildFile; fileRef = 44CE9BF82483F11F0058BF23 /* PTUSBHub.m */; };
		44CE9C002483F11F0058BF23 /* PTProtocol.m in Sources */ = {isa = PBXBuildFile; fileRef = 44CE9BF92483F11F0058BF23 /* PTProtocol.m */; };
		44CE9C012483F11F0058BF23 /* PTChannel.m in Sources */ = {isa = PBXBuildFile; fileRef = 44CE9BFA2483F11F0058BF23 /* PTChannel.m */; };
		44CE9C022483F11F0058BF23 /* PTPrivate.h in Headers */ = {isa = PBXBuildFile; fileRef = 44CE9BFB2483F11F0058BF23 /* PTPrivate.h */; };
		44CE9C032483F11F0058BF23 /* PTProtocol.h in Headers */ = {isa = PBXBuildFile; fileRef = 44CE9BFC2483F11F0058BF23 /* PTProtocol.h */; };
		44CE9C042483F11F0058BF23 /* PTUSBHub.h in Headers */ = {isa = PBXBuildFile; fileRef = 44CE9BFD2483F11F0058BF23 /* PTUSBHub.h */; };
		44CE9C052483F11F0058BF23 /* PTChannel.h in Headers */ = {isa = PBXBuildFile; fileRef = 44CE9BFE2483F11F0058BF23 /* PTChannel.h */; };
		44CE9C082483F14A0058BF23 /* CTPTChannelPrivate.h in Headers */ = {isa = PBXBuildFile; fileRef = 44CE9C062483F1490058BF23 /* CTPTChannelPrivate.h */; };
		44CE9C092483F14A0058BF23 /* CTPTChannelPrivate.m in Sources */ = {isa = PBXBuildFile; fileRef = 44CE9C072483F14A0058BF23 /* CTPTChannelPrivate.m */; };
		44CE9C0A2488AECB0058BF23 /* CTClient.framework in Frameworks */ = {isa = PBXBuildFile; fileRef = 444301B220E6299F00BD9445 /* CTClient.framework */; };
		44CE9C0B2488AECB0058BF23 /* CTClient.framework in Embed Frameworks */ = {isa = PBXBuildFile; fileRef = 444301B220E6299F00BD9445 /* CTClient.framework */; settings = {ATTRIBUTES = (CodeSignOnCopy, RemoveHeadersOnCopy, ); }; };
/* End PBXBuildFile section */

/* Begin PBXContainerItemProxy section */
		444301B720E6299F00BD9445 /* PBXContainerItemProxy */ = {
			isa = PBXContainerItemProxy;
			containerPortal = 4443012D20E5F26B00BD9445 /* Project object */;
			proxyType = 1;
			remoteGlobalIDString = 444301B120E6299F00BD9445;
			remoteInfo = CodeTeleport;
		};
/* End PBXContainerItemProxy section */

/* Begin PBXCopyFilesBuildPhase section */
		444301BE20E6299F00BD9445 /* Embed Frameworks */ = {
			isa = PBXCopyFilesBuildPhase;
			buildActionMask = 2147483647;
			dstPath = "";
			dstSubfolderSpec = 10;
			files = (
				44CE9C0B2488AECB0058BF23 /* CTClient.framework in Embed Frameworks */,
			);
			name = "Embed Frameworks";
			runOnlyForDeploymentPostprocessing = 0;
		};
/* End PBXCopyFilesBuildPhase section */

/* Begin PBXFileReference section */
		4443013520E5F26B00BD9445 /* CodeTeleportClient.app */ = {isa = PBXFileReference; explicitFileType = wrapper.application; includeInIndex = 0; path = CodeTeleportClient.app; sourceTree = BUILT_PRODUCTS_DIR; };
		4443013820E5F26B00BD9445 /* AppDelegate.h */ = {isa = PBXFileReference; lastKnownFileType = sourcecode.c.h; path = AppDelegate.h; sourceTree = "<group>"; };
		4443013920E5F26B00BD9445 /* AppDelegate.m */ = {isa = PBXFileReference; lastKnownFileType = sourcecode.c.objc; path = AppDelegate.m; sourceTree = "<group>"; };
		4443013B20E5F26B00BD9445 /* ViewController.h */ = {isa = PBXFileReference; lastKnownFileType = sourcecode.c.h; path = ViewController.h; sourceTree = "<group>"; };
		4443013C20E5F26B00BD9445 /* ViewController.m */ = {isa = PBXFileReference; lastKnownFileType = sourcecode.c.objc; path = ViewController.m; sourceTree = "<group>"; };
		4443014120E5F26D00BD9445 /* Assets.xcassets */ = {isa = PBXFileReference; lastKnownFileType = folder.assetcatalog; path = Assets.xcassets; sourceTree = "<group>"; };
		4443014620E5F26D00BD9445 /* Info.plist */ = {isa = PBXFileReference; lastKnownFileType = text.plist.xml; path = Info.plist; sourceTree = "<group>"; };
		4443014720E5F26D00BD9445 /* main.m */ = {isa = PBXFileReference; lastKnownFileType = sourcecode.c.objc; path = main.m; sourceTree = "<group>"; };
		444301B220E6299F00BD9445 /* CTClient.framework */ = {isa = PBXFileReference; explicitFileType = wrapper.framework; includeInIndex = 0; path = CTClient.framework; sourceTree = BUILT_PRODUCTS_DIR; };
		444301B520E6299F00BD9445 /* Info.plist */ = {isa = PBXFileReference; lastKnownFileType = text.plist.xml; path = Info.plist; sourceTree = "<group>"; };
		444301C620E629EE00BD9445 /* CodeTeleportUtils.m */ = {isa = PBXFileReference; fileEncoding = 4; lastKnownFileType = sourcecode.c.objc; path = CodeTeleportUtils.m; sourceTree = "<group>"; };
		444301C720E629EE00BD9445 /* CodeTeleportUtils.h */ = {isa = PBXFileReference; fileEncoding = 4; lastKnownFileType = sourcecode.c.h; path = CodeTeleportUtils.h; sourceTree = "<group>"; };
		444301D420E62A0F00BD9445 /* CodeTeleportClient.h */ = {isa = PBXFileReference; lastKnownFileType = sourcecode.c.h; path = CodeTeleportClient.h; sourceTree = "<group>"; };
		444301D520E62A0F00BD9445 /* CodeTeleportClient.m */ = {isa = PBXFileReference; lastKnownFileType = sourcecode.c.objc; path = CodeTeleportClient.m; sourceTree = "<group>"; };
		448EF74C20E8DD9C004549C1 /* CodeTeleportProcessor.m */ = {isa = PBXFileReference; fileEncoding = 4; lastKnownFileType = sourcecode.c.objc; path = CodeTeleportProcessor.m; sourceTree = "<group>"; };
		448EF74D20E8DD9C004549C1 /* CodeTeleportProcessor.h */ = {isa = PBXFileReference; fileEncoding = 4; lastKnownFileType = sourcecode.c.h; path = CodeTeleportProcessor.h; sourceTree = "<group>"; };
		448EF75A20EBA037004549C1 /* CodeTeleportLoader.h */ = {isa = PBXFileReference; lastKnownFileType = sourcecode.c.h; path = CodeTeleportLoader.h; sourceTree = "<group>"; };
		448EF75B20EBA037004549C1 /* CodeTeleportLoader.m */ = {isa = PBXFileReference; lastKnownFileType = sourcecode.c.objc; path = CodeTeleportLoader.m; sourceTree = "<group>"; };
		448EF7E420F5FE9E004549C1 /* Default-568h@2x.png */ = {isa = PBXFileReference; lastKnownFileType = image.png; path = "Default-568h@2x.png"; sourceTree = "<group>"; };
		44CE9BC92483B3140058BF23 /* Documentation.html */ = {isa = PBXFileReference; fileEncoding = 4; lastKnownFileType = text.html; path = Documentation.html; sourceTree = "<group>"; };
		44CE9BCA2483B3140058BF23 /* GCDAsyncSocket.m */ = {isa = PBXFileReference; fileEncoding = 4; lastKnownFileType = sourcecode.c.objc; path = GCDAsyncSocket.m; sourceTree = "<group>"; };
		44CE9BCB2483B3140058BF23 /* GCDAsyncSocket.h */ = {isa = PBXFileReference; fileEncoding = 4; lastKnownFileType = sourcecode.c.h; path = GCDAsyncSocket.h; sourceTree = "<group>"; };
		44CE9BF82483F11F0058BF23 /* PTUSBHub.m */ = {isa = PBXFileReference; fileEncoding = 4; lastKnownFileType = sourcecode.c.objc; path = PTUSBHub.m; sourceTree = "<group>"; };
		44CE9BF92483F11F0058BF23 /* PTProtocol.m */ = {isa = PBXFileReference; fileEncoding = 4; lastKnownFileType = sourcecode.c.objc; path = PTProtocol.m; sourceTree = "<group>"; };
		44CE9BFA2483F11F0058BF23 /* PTChannel.m */ = {isa = PBXFileReference; fileEncoding = 4; lastKnownFileType = sourcecode.c.objc; path = PTChannel.m; sourceTree = "<group>"; };
		44CE9BFB2483F11F0058BF23 /* PTPrivate.h */ = {isa = PBXFileReference; fileEncoding = 4; lastKnownFileType = sourcecode.c.h; path = PTPrivate.h; sourceTree = "<group>"; };
		44CE9BFC2483F11F0058BF23 /* PTProtocol.h */ = {isa = PBXFileReference; fileEncoding = 4; lastKnownFileType = sourcecode.c.h; path = PTProtocol.h; sourceTree = "<group>"; };
		44CE9BFD2483F11F0058BF23 /* PTUSBHub.h */ = {isa = PBXFileReference; fileEncoding = 4; lastKnownFileType = sourcecode.c.h; path = PTUSBHub.h; sourceTree = "<group>"; };
		44CE9BFE2483F11F0058BF23 /* PTChannel.h */ = {isa = PBXFileReference; fileEncoding = 4; lastKnownFileType = sourcecode.c.h; path = PTChannel.h; sourceTree = "<group>"; };
		44CE9C062483F1490058BF23 /* CTPTChannelPrivate.h */ = {isa = PBXFileReference; fileEncoding = 4; lastKnownFileType = sourcecode.c.h; name = CTPTChannelPrivate.h; path = ../../../../CodeTeleport/CodeTeleport/Sources/Utils/CTPTChannelPrivate.h; sourceTree = "<group>"; };
		44CE9C072483F14A0058BF23 /* CTPTChannelPrivate.m */ = {isa = PBXFileReference; fileEncoding = 4; lastKnownFileType = sourcecode.c.objc; name = CTPTChannelPrivate.m; path = ../../../../CodeTeleport/CodeTeleport/Sources/Utils/CTPTChannelPrivate.m; sourceTree = "<group>"; };
/* End PBXFileReference section */

/* Begin PBXFrameworksBuildPhase section */
		4443013220E5F26B00BD9445 /* Frameworks */ = {
			isa = PBXFrameworksBuildPhase;
			buildActionMask = 2147483647;
			files = (
				44CE9C0A2488AECB0058BF23 /* CTClient.framework in Frameworks */,
			);
			runOnlyForDeploymentPostprocessing = 0;
		};
		444301AE20E6299F00BD9445 /* Frameworks */ = {
			isa = PBXFrameworksBuildPhase;
			buildActionMask = 2147483647;
			files = (
			);
			runOnlyForDeploymentPostprocessing = 0;
		};
/* End PBXFrameworksBuildPhase section */

/* Begin PBXGroup section */
		4443012C20E5F26B00BD9445 = {
			isa = PBXGroup;
			children = (
				448EF7E420F5FE9E004549C1 /* Default-568h@2x.png */,
				4443013720E5F26B00BD9445 /* CodeTeleportClient */,
				444301B320E6299F00BD9445 /* CTClient */,
				4443013620E5F26B00BD9445 /* Products */,
				44BFD7BE20F880DD004263AB /* Frameworks */,
			);
			sourceTree = "<group>";
		};
		4443013620E5F26B00BD9445 /* Products */ = {
			isa = PBXGroup;
			children = (
				4443013520E5F26B00BD9445 /* CodeTeleportClient.app */,
				444301B220E6299F00BD9445 /* CTClient.framework */,
			);
			name = Products;
			sourceTree = "<group>";
		};
		4443013720E5F26B00BD9445 /* CodeTeleportClient */ = {
			isa = PBXGroup;
			children = (
				4443013820E5F26B00BD9445 /* AppDelegate.h */,
				4443013920E5F26B00BD9445 /* AppDelegate.m */,
				4443013B20E5F26B00BD9445 /* ViewController.h */,
				4443013C20E5F26B00BD9445 /* ViewController.m */,
				4443014120E5F26D00BD9445 /* Assets.xcassets */,
				4443014620E5F26D00BD9445 /* Info.plist */,
				4443014720E5F26D00BD9445 /* main.m */,
			);
			path = CodeTeleportClient;
			sourceTree = "<group>";
		};
		444301B320E6299F00BD9445 /* CTClient */ = {
			isa = PBXGroup;
			children = (
				444301BF20E629EE00BD9445 /* Sources */,
				444301B520E6299F00BD9445 /* Info.plist */,
			);
			path = CTClient;
			sourceTree = "<group>";
		};
		444301BF20E629EE00BD9445 /* Sources */ = {
			isa = PBXGroup;
			children = (
				44CE9BC72483B3140058BF23 /* Dependent */,
				444301C520E629EE00BD9445 /* Utils */,
				444301D420E62A0F00BD9445 /* CodeTeleportClient.h */,
				444301D520E62A0F00BD9445 /* CodeTeleportClient.m */,
				448EF74D20E8DD9C004549C1 /* CodeTeleportProcessor.h */,
				448EF74C20E8DD9C004549C1 /* CodeTeleportProcessor.m */,
				448EF75A20EBA037004549C1 /* CodeTeleportLoader.h */,
				448EF75B20EBA037004549C1 /* CodeTeleportLoader.m */,
			);
			path = Sources;
			sourceTree = "<group>";
		};
		444301C520E629EE00BD9445 /* Utils */ = {
			isa = PBXGroup;
			children = (
				44CE9C062483F1490058BF23 /* CTPTChannelPrivate.h */,
				44CE9C072483F14A0058BF23 /* CTPTChannelPrivate.m */,
				444301C720E629EE00BD9445 /* CodeTeleportUtils.h */,
				444301C620E629EE00BD9445 /* CodeTeleportUtils.m */,
			);
			path = Utils;
			sourceTree = "<group>";
		};
		44BFD7BE20F880DD004263AB /* Frameworks */ = {
			isa = PBXGroup;
			children = (
			);
			name = Frameworks;
			sourceTree = "<group>";
		};
		44CE9BC72483B3140058BF23 /* Dependent */ = {
			isa = PBXGroup;
			children = (
				44CE9BF72483F11F0058BF23 /* PTChannel */,
				44CE9BC82483B3140058BF23 /* GCDAsyncSocket */,
			);
			path = Dependent;
			sourceTree = "<group>";
		};
		44CE9BC82483B3140058BF23 /* GCDAsyncSocket */ = {
			isa = PBXGroup;
			children = (
				44CE9BC92483B3140058BF23 /* Documentation.html */,
				44CE9BCA2483B3140058BF23 /* GCDAsyncSocket.m */,
				44CE9BCB2483B3140058BF23 /* GCDAsyncSocket.h */,
			);
			path = GCDAsyncSocket;
			sourceTree = "<group>";
		};
		44CE9BF72483F11F0058BF23 /* PTChannel */ = {
			isa = PBXGroup;
			children = (
				44CE9BF82483F11F0058BF23 /* PTUSBHub.m */,
				44CE9BF92483F11F0058BF23 /* PTProtocol.m */,
				44CE9BFA2483F11F0058BF23 /* PTChannel.m */,
				44CE9BFB2483F11F0058BF23 /* PTPrivate.h */,
				44CE9BFC2483F11F0058BF23 /* PTProtocol.h */,
				44CE9BFD2483F11F0058BF23 /* PTUSBHub.h */,
				44CE9BFE2483F11F0058BF23 /* PTChannel.h */,
			);
			name = PTChannel;
			path = ../../../../CodeTeleport/CodeTeleport/Sources/Dependent/PTChannel;
			sourceTree = "<group>";
		};
/* End PBXGroup section */

/* Begin PBXHeadersBuildPhase section */
		444301AF20E6299F00BD9445 /* Headers */ = {
			isa = PBXHeadersBuildPhase;
			buildActionMask = 2147483647;
			files = (
				44CE9C022483F11F0058BF23 /* PTPrivate.h in Headers */,
				44CE9C052483F11F0058BF23 /* PTChannel.h in Headers */,
				444301D020E629EE00BD9445 /* CodeTeleportUtils.h in Headers */,
				44CE9C082483F14A0058BF23 /* CTPTChannelPrivate.h in Headers */,
				44CE9BD72483B3140058BF23 /* GCDAsyncSocket.h in Headers */,
				44CE9C032483F11F0058BF23 /* PTProtocol.h in Headers */,
				448EF75C20EBA037004549C1 /* CodeTeleportLoader.h in Headers */,
				44CE9C042483F11F0058BF23 /* PTUSBHub.h in Headers */,
				444301D620E62A0F00BD9445 /* CodeTeleportClient.h in Headers */,
				448EF74F20E8DD9C004549C1 /* CodeTeleportProcessor.h in Headers */,
			);
			runOnlyForDeploymentPostprocessing = 0;
		};
/* End PBXHeadersBuildPhase section */

/* Begin PBXNativeTarget section */
		4443013420E5F26B00BD9445 /* CodeTeleportClient */ = {
			isa = PBXNativeTarget;
			buildConfigurationList = 4443014B20E5F26D00BD9445 /* Build configuration list for PBXNativeTarget "CodeTeleportClient" */;
			buildPhases = (
				4443013120E5F26B00BD9445 /* Sources */,
				4443013220E5F26B00BD9445 /* Frameworks */,
				4443013320E5F26B00BD9445 /* Resources */,
				444301BE20E6299F00BD9445 /* Embed Frameworks */,
				448EF75020E8DFCC004549C1 /* ShellScript */,
			);
			buildRules = (
			);
			dependencies = (
				444301B820E6299F00BD9445 /* PBXTargetDependency */,
			);
			name = CodeTeleportClient;
			productName = CodeTeleportClient;
			productReference = 4443013520E5F26B00BD9445 /* CodeTeleportClient.app */;
			productType = "com.apple.product-type.application";
		};
		444301B120E6299F00BD9445 /* CTClient */ = {
			isa = PBXNativeTarget;
			buildConfigurationList = 444301BB20E6299F00BD9445 /* Build configuration list for PBXNativeTarget "CTClient" */;
			buildPhases = (
				444301AD20E6299F00BD9445 /* Sources */,
				444301AE20E6299F00BD9445 /* Frameworks */,
				444301AF20E6299F00BD9445 /* Headers */,
				444301B020E6299F00BD9445 /* Resources */,
			);
			buildRules = (
			);
			dependencies = (
			);
			name = CTClient;
			productName = CodeTeleport;
			productReference = 444301B220E6299F00BD9445 /* CTClient.framework */;
			productType = "com.apple.product-type.framework";
		};
/* End PBXNativeTarget section */

/* Begin PBXProject section */
		4443012D20E5F26B00BD9445 /* Project object */ = {
			isa = PBXProject;
			attributes = {
				LastUpgradeCheck = 0940;
				ORGANIZATIONNAME = zhaolei.lzl;
				TargetAttributes = {
					4443013420E5F26B00BD9445 = {
						CreatedOnToolsVersion = 9.4.1;
					};
					444301B120E6299F00BD9445 = {
						CreatedOnToolsVersion = 9.4.1;
					};
				};
			};
			buildConfigurationList = 4443013020E5F26B00BD9445 /* Build configuration list for PBXProject "CodeTeleportClient" */;
			compatibilityVersion = "Xcode 9.3";
			developmentRegion = en;
			hasScannedForEncodings = 0;
			knownRegions = (
				en,
				Base,
			);
			mainGroup = 4443012C20E5F26B00BD9445;
			productRefGroup = 4443013620E5F26B00BD9445 /* Products */;
			projectDirPath = "";
			projectRoot = "";
			targets = (
				4443013420E5F26B00BD9445 /* CodeTeleportClient */,
				444301B120E6299F00BD9445 /* CTClient */,
			);
		};
/* End PBXProject section */

/* Begin PBXResourcesBuildPhase section */
		4443013320E5F26B00BD9445 /* Resources */ = {
			isa = PBXResourcesBuildPhase;
			buildActionMask = 2147483647;
			files = (
				448EF76E20EF0253004549C1 /* CTClient.framework in Resources */,
				4443014220E5F26D00BD9445 /* Assets.xcassets in Resources */,
				448EF7E520F5FE9E004549C1 /* Default-568h@2x.png in Resources */,
			);
			runOnlyForDeploymentPostprocessing = 0;
		};
		444301B020E6299F00BD9445 /* Resources */ = {
			isa = PBXResourcesBuildPhase;
			buildActionMask = 2147483647;
			files = (
				44CE9BD52483B3140058BF23 /* Documentation.html in Resources */,
			);
			runOnlyForDeploymentPostprocessing = 0;
		};
/* End PBXResourcesBuildPhase section */

/* Begin PBXShellScriptBuildPhase section */
		448EF75020E8DFCC004549C1 /* ShellScript */ = {
			isa = PBXShellScriptBuildPhase;
			buildActionMask = 2147483647;
			files = (
			);
			inputPaths = (
			);
			outputPaths = (
			);
			runOnlyForDeploymentPostprocessing = 0;
			shellPath = /bin/sh;
			shellScript = "tmp_path=\"/tmp/com.zhaolei.CodeTeleport\"\nif [ ! -d $tmp_path ]; then\nmkdir $tmp_path\nfi\n\nprintf \"$SRCROOT#$DEVELOPER_DIR#$BUILD_DIR#$DT_TOOLCHAIN_DIR#$SDKROOT#$TARGET_DEVICE_OS_VERSION#$ARCHS#$TARGET_DEVICE_IDENTIFIER#$EXPANDED_CODE_SIGN_IDENTITY#$CODESIGNING_FOLDER_PATH#$FRAMEWORKS_FOLDER_PATH#$EXECUTABLE_PATH#$PRODUCT_NAME\" > $tmp_path/build_enviroment.configs\n\nenv\n";
			showEnvVarsInLog = 0;
		};
/* End PBXShellScriptBuildPhase section */

/* Begin PBXSourcesBuildPhase section */
		4443013120E5F26B00BD9445 /* Sources */ = {
			isa = PBXSourcesBuildPhase;
			buildActionMask = 2147483647;
			files = (
				4443013D20E5F26B00BD9445 /* ViewController.m in Sources */,
				4443014820E5F26D00BD9445 /* main.m in Sources */,
				4443013A20E5F26B00BD9445 /* AppDelegate.m in Sources */,
			);
			runOnlyForDeploymentPostprocessing = 0;
		};
		444301AD20E6299F00BD9445 /* Sources */ = {
			isa = PBXSourcesBuildPhase;
			buildActionMask = 2147483647;
			files = (
				444301D720E62A0F00BD9445 /* CodeTeleportClient.m in Sources */,
				44CE9BD62483B3140058BF23 /* GCDAsyncSocket.m in Sources */,
				448EF75D20EBA037004549C1 /* CodeTeleportLoader.m in Sources */,
				44CE9C012483F11F0058BF23 /* PTChannel.m in Sources */,
				444301CF20E629EE00BD9445 /* CodeTeleportUtils.m in Sources */,
				44CE9C092483F14A0058BF23 /* CTPTChannelPrivate.m in Sources */,
				44CE9BFF2483F11F0058BF23 /* PTUSBHub.m in Sources */,
				448EF74E20E8DD9C004549C1 /* CodeTeleportProcessor.m in Sources */,
				44CE9C002483F11F0058BF23 /* PTProtocol.m in Sources */,
			);
			runOnlyForDeploymentPostprocessing = 0;
		};
/* End PBXSourcesBuildPhase section */

/* Begin PBXTargetDependency section */
		444301B820E6299F00BD9445 /* PBXTargetDependency */ = {
			isa = PBXTargetDependency;
			target = 444301B120E6299F00BD9445 /* CTClient */;
			targetProxy = 444301B720E6299F00BD9445 /* PBXContainerItemProxy */;
		};
/* End PBXTargetDependency section */

/* Begin XCBuildConfiguration section */
		4443014920E5F26D00BD9445 /* Debug */ = {
			isa = XCBuildConfiguration;
			buildSettings = {
				ALWAYS_SEARCH_USER_PATHS = NO;
				CLANG_ANALYZER_NONNULL = YES;
				CLANG_ANALYZER_NUMBER_OBJECT_CONVERSION = YES_AGGRESSIVE;
				CLANG_CXX_LANGUAGE_STANDARD = "gnu++14";
				CLANG_CXX_LIBRARY = "libc++";
				CLANG_ENABLE_MODULES = YES;
				CLANG_ENABLE_OBJC_ARC = YES;
				CLANG_ENABLE_OBJC_WEAK = YES;
				CLANG_WARN_BLOCK_CAPTURE_AUTORELEASING = YES;
				CLANG_WARN_BOOL_CONVERSION = YES;
				CLANG_WARN_COMMA = YES;
				CLANG_WARN_CONSTANT_CONVERSION = YES;
				CLANG_WARN_DEPRECATED_OBJC_IMPLEMENTATIONS = YES;
				CLANG_WARN_DIRECT_OBJC_ISA_USAGE = YES_ERROR;
				CLANG_WARN_DOCUMENTATION_COMMENTS = YES;
				CLANG_WARN_EMPTY_BODY = YES;
				CLANG_WARN_ENUM_CONVERSION = YES;
				CLANG_WARN_INFINITE_RECURSION = YES;
				CLANG_WARN_INT_CONVERSION = YES;
				CLANG_WARN_NON_LITERAL_NULL_CONVERSION = YES;
				CLANG_WARN_OBJC_IMPLICIT_RETAIN_SELF = YES;
				CLANG_WARN_OBJC_LITERAL_CONVERSION = YES;
				CLANG_WARN_OBJC_ROOT_CLASS = YES_ERROR;
				CLANG_WARN_RANGE_LOOP_ANALYSIS = YES;
				CLANG_WARN_STRICT_PROTOTYPES = YES;
				CLANG_WARN_SUSPICIOUS_MOVE = YES;
				CLANG_WARN_UNGUARDED_AVAILABILITY = YES_AGGRESSIVE;
				CLANG_WARN_UNREACHABLE_CODE = YES;
				CLANG_WARN__DUPLICATE_METHOD_MATCH = YES;
				CODE_SIGN_IDENTITY = "iPhone Developer";
				COPY_PHASE_STRIP = NO;
				DEBUG_INFORMATION_FORMAT = dwarf;
				ENABLE_STRICT_OBJC_MSGSEND = YES;
				ENABLE_TESTABILITY = YES;
				GCC_C_LANGUAGE_STANDARD = gnu11;
				GCC_DYNAMIC_NO_PIC = NO;
				GCC_NO_COMMON_BLOCKS = YES;
				GCC_OPTIMIZATION_LEVEL = 0;
				GCC_PREPROCESSOR_DEFINITIONS = (
					"DEBUG=1",
					"$(inherited)",
				);
				GCC_WARN_64_TO_32_BIT_CONVERSION = YES;
				GCC_WARN_ABOUT_RETURN_TYPE = YES_ERROR;
				GCC_WARN_UNDECLARED_SELECTOR = YES;
				GCC_WARN_UNINITIALIZED_AUTOS = YES_AGGRESSIVE;
				GCC_WARN_UNUSED_FUNCTION = YES;
				GCC_WARN_UNUSED_VARIABLE = YES;
				IPHONEOS_DEPLOYMENT_TARGET = 9.0;
				MTL_ENABLE_DEBUG_INFO = YES;
				ONLY_ACTIVE_ARCH = YES;
				SDKROOT = iphoneos;
			};
			name = Debug;
		};
		4443014A20E5F26D00BD9445 /* Release */ = {
			isa = XCBuildConfiguration;
			buildSettings = {
				ALWAYS_SEARCH_USER_PATHS = NO;
				CLANG_ANALYZER_NONNULL = YES;
				CLANG_ANALYZER_NUMBER_OBJECT_CONVERSION = YES_AGGRESSIVE;
				CLANG_CXX_LANGUAGE_STANDARD = "gnu++14";
				CLANG_CXX_LIBRARY = "libc++";
				CLANG_ENABLE_MODULES = YES;
				CLANG_ENABLE_OBJC_ARC = YES;
				CLANG_ENABLE_OBJC_WEAK = YES;
				CLANG_WARN_BLOCK_CAPTURE_AUTORELEASING = YES;
				CLANG_WARN_BOOL_CONVERSION = YES;
				CLANG_WARN_COMMA = YES;
				CLANG_WARN_CONSTANT_CONVERSION = YES;
				CLANG_WARN_DEPRECATED_OBJC_IMPLEMENTATIONS = YES;
				CLANG_WARN_DIRECT_OBJC_ISA_USAGE = YES_ERROR;
				CLANG_WARN_DOCUMENTATION_COMMENTS = YES;
				CLANG_WARN_EMPTY_BODY = YES;
				CLANG_WARN_ENUM_CONVERSION = YES;
				CLANG_WARN_INFINITE_RECURSION = YES;
				CLANG_WARN_INT_CONVERSION = YES;
				CLANG_WARN_NON_LITERAL_NULL_CONVERSION = YES;
				CLANG_WARN_OBJC_IMPLICIT_RETAIN_SELF = YES;
				CLANG_WARN_OBJC_LITERAL_CONVERSION = YES;
				CLANG_WARN_OBJC_ROOT_CLASS = YES_ERROR;
				CLANG_WARN_RANGE_LOOP_ANALYSIS = YES;
				CLANG_WARN_STRICT_PROTOTYPES = YES;
				CLANG_WARN_SUSPICIOUS_MOVE = YES;
				CLANG_WARN_UNGUARDED_AVAILABILITY = YES_AGGRESSIVE;
				CLANG_WARN_UNREACHABLE_CODE = YES;
				CLANG_WARN__DUPLICATE_METHOD_MATCH = YES;
				CODE_SIGN_IDENTITY = "iPhone Developer";
				COPY_PHASE_STRIP = NO;
				DEBUG_INFORMATION_FORMAT = "dwarf-with-dsym";
				ENABLE_NS_ASSERTIONS = NO;
				ENABLE_STRICT_OBJC_MSGSEND = YES;
				GCC_C_LANGUAGE_STANDARD = gnu11;
				GCC_NO_COMMON_BLOCKS = YES;
				GCC_WARN_64_TO_32_BIT_CONVERSION = YES;
				GCC_WARN_ABOUT_RETURN_TYPE = YES_ERROR;
				GCC_WARN_UNDECLARED_SELECTOR = YES;
				GCC_WARN_UNINITIALIZED_AUTOS = YES_AGGRESSIVE;
				GCC_WARN_UNUSED_FUNCTION = YES;
				GCC_WARN_UNUSED_VARIABLE = YES;
				IPHONEOS_DEPLOYMENT_TARGET = 9.0;
				MTL_ENABLE_DEBUG_INFO = NO;
				SDKROOT = iphoneos;
				VALIDATE_PRODUCT = YES;
			};
			name = Release;
		};
		4443014C20E5F26D00BD9445 /* Debug */ = {
			isa = XCBuildConfiguration;
			buildSettings = {
				ASSETCATALOG_COMPILER_APPICON_NAME = AppIcon;
				CODE_SIGN_STYLE = Automatic;
				DEVELOPMENT_TEAM = A72S6ZQF4S;
				GCC_OPTIMIZATION_LEVEL = s;
				GCC_SYMBOLS_PRIVATE_EXTERN = YES;
				INFOPLIST_FILE = CodeTeleportClient/Info.plist;
				IPHONEOS_DEPLOYMENT_TARGET = 8.0;
				LD_RUNPATH_SEARCH_PATHS = (
					"$(inherited)",
					"@executable_path/Frameworks",
				);
				OTHER_LDFLAGS = "-ObjC";
				PRODUCT_BUNDLE_IDENTIFIER = com.zhaolei.lzl.CodeTeleportClient;
				PRODUCT_NAME = "$(TARGET_NAME)";
				TARGETED_DEVICE_FAMILY = "1,2";
			};
			name = Debug;
		};
		4443014D20E5F26D00BD9445 /* Release */ = {
			isa = XCBuildConfiguration;
			buildSettings = {
				ASSETCATALOG_COMPILER_APPICON_NAME = AppIcon;
				CODE_SIGN_STYLE = Automatic;
				DEVELOPMENT_TEAM = A72S6ZQF4S;
				GCC_SYMBOLS_PRIVATE_EXTERN = YES;
				INFOPLIST_FILE = CodeTeleportClient/Info.plist;
				IPHONEOS_DEPLOYMENT_TARGET = 8.0;
				LD_RUNPATH_SEARCH_PATHS = (
					"$(inherited)",
					"@executable_path/Frameworks",
				);
				OTHER_LDFLAGS = "-ObjC";
				PRODUCT_BUNDLE_IDENTIFIER = com.zhaolei.lzl.CodeTeleportClient;
				PRODUCT_NAME = "$(TARGET_NAME)";
				TARGETED_DEVICE_FAMILY = "1,2";
			};
			name = Release;
		};
		444301BC20E6299F00BD9445 /* Debug */ = {
			isa = XCBuildConfiguration;
			buildSettings = {
				CODE_SIGN_IDENTITY = "";
				CODE_SIGN_STYLE = Automatic;
				CURRENT_PROJECT_VERSION = 1;
				DEFINES_MODULE = YES;
				DYLIB_COMPATIBILITY_VERSION = "";
				DYLIB_CURRENT_VERSION = "";
				DYLIB_INSTALL_NAME_BASE = "@rpath";
				INFOPLIST_FILE = CTClient/Info.plist;
				INSTALL_PATH = "$(LOCAL_LIBRARY_DIR)/Frameworks";
				IPHONEOS_DEPLOYMENT_TARGET = 8.0;
				LD_RUNPATH_SEARCH_PATHS = (
					"$(inherited)",
					"@executable_path/Frameworks",
					"@loader_path/Frameworks",
				);
				MACH_O_TYPE = mh_dylib;
				PRODUCT_BUNDLE_IDENTIFIER = com.zhaolei.lzl.CodeTeleport;
				PRODUCT_NAME = "$(TARGET_NAME:c99extidentifier)";
				SKIP_INSTALL = YES;
				TARGETED_DEVICE_FAMILY = "1,2";
				VERSIONING_SYSTEM = "apple-generic";
				VERSION_INFO_PREFIX = "";
			};
			name = Debug;
		};
		444301BD20E6299F00BD9445 /* Release */ = {
			isa = XCBuildConfiguration;
			buildSettings = {
				CODE_SIGN_IDENTITY = "";
				CODE_SIGN_STYLE = Automatic;
				CURRENT_PROJECT_VERSION = 1;
				DEFINES_MODULE = YES;
				DYLIB_COMPATIBILITY_VERSION = "";
				DYLIB_CURRENT_VERSION = "";
				DYLIB_INSTALL_NAME_BASE = "@rpath";
				INFOPLIST_FILE = CTClient/Info.plist;
				INSTALL_PATH = "$(LOCAL_LIBRARY_DIR)/Frameworks";
				IPHONEOS_DEPLOYMENT_TARGET = 8.0;
				LD_RUNPATH_SEARCH_PATHS = (
					"$(inherited)",
					"@executable_path/Frameworks",
					"@loader_path/Frameworks",
				);
				MACH_O_TYPE = mh_dylib;
				PRODUCT_BUNDLE_IDENTIFIER = com.zhaolei.lzl.CodeTeleport;
				PRODUCT_NAME = "$(TARGET_NAME:c99extidentifier)";
				SKIP_INSTALL = YES;
				TARGETED_DEVICE_FAMILY = "1,2";
				VERSIONING_SYSTEM = "apple-generic";
				VERSION_INFO_PREFIX = "";
			};
			name = Release;
		};
/* End XCBuildConfiguration section */

/* Begin XCConfigurationList section */
		4443013020E5F26B00BD9445 /* Build configuration list for PBXProject "CodeTeleportClient" */ = {
			isa = XCConfigurationList;
			buildConfigurations = (
				4443014920E5F26D00BD9445 /* Debug */,
				4443014A20E5F26D00BD9445 /* Release */,
			);
			defaultConfigurationIsVisible = 0;
			defaultConfigurationName = Release;
		};
		4443014B20E5F26D00BD9445 /* Build configuration list for PBXNativeTarget "CodeTeleportClient" */ = {
			isa = XCConfigurationList;
			buildConfigurations = (
				4443014C20E5F26D00BD9445 /* Debug */,
				4443014D20E5F26D00BD9445 /* Release */,
			);
			defaultConfigurationIsVisible = 0;
			defaultConfigurationName = Release;
		};
		444301BB20E6299F00BD9445 /* Build configuration list for PBXNativeTarget "CTClient" */ = {
			isa = XCConfigurationList;
			buildConfigurations = (
				444301BC20E6299F00BD9445 /* Debug */,
				444301BD20E6299F00BD9445 /* Release */,
			);
			defaultConfigurationIsVisible = 0;
			defaultConfigurationName = Release;
		};
/* End XCConfigurationList section */
	};
	rootObject = 4443012D20E5F26B00BD9445 /* Project object */;
}
